
Microsoft Visual Studio Solution File, Format Version 12.00
# Visual Studio Version 17
VisualStudioVersion = 17.9.34622.214
MinimumVisualStudioVersion = 10.0.40219.1
Project("{FAE04EC0-301F-11D3-BF4B-00C04F79EFBC}") = "DotNetSelenium", "DotNetSelenium\DotNetSelenium.csproj", "{8AEE3297-B2C2-4A81-A867-F4641FA201C2}"
EndProject
Global
	GlobalSection(SolutionConfigurationPlatforms) = preSolution
		Debug|Any CPU = Debug|Any CPU
		Release|Any CPU = Release|Any CPU
	EndGlobalSection
	GlobalSection(ProjectConfigurationPlatforms) = postSolution
		{8AEE3297-B2C2-4A81-A867-F4641FA201C2}.Debug|Any CPU.ActiveCfg = Debug|Any CPU
		{8AEE3297-B2C2-4A81-A867-F4641FA201C2}.Debug|Any CPU.Build.0 = Debug|Any CPU
		{8AEE3297-B2C2-4A81-A867-F4641FA201C2}.Release|Any CPU.ActiveCfg = Release|Any CPU
		{8AEE3297-B2C2-4A81-A867-F4641FA201C2}.Release|Any CPU.Build.0 = Release|Any CPU
	EndGlobalSection
	GlobalSection(SolutionProperties) = preSolution
		HideSolutionNode = FALSE
	EndGlobalSection
	GlobalSection(ExtensibilityGlobals) = postSolution
		SolutionGuid = {2074A860-7610-4A68-8D91-4ABFC247B85E}
	EndGlobalSection
EndGlobal
